
Microsoft Visual Studio Solution File, Format Version 12.00
# Visual Studio Version 16
VisualStudioVersion = 16.0.29215.179
MinimumVisualStudioVersion = 10.0.40219.1
Project("{8BC9CEB8-8B4A-11D0-8D11-00A0C91BC942}") = "ehfPluginFromTemplate", "ehfPluginFromTemplate.vcxproj", "{D529ED3A-3AB6-4DF5-8E1D-96ED9854B56A}"
EndProject
Global
	GlobalSection(SolutionConfigurationPlatforms) = preSolution
		Debug|x64 = Debug|x64
		Debug|x86 = Debug|x86
		Release|x64 = Release|x64
		Release|x86 = Release|x86
		TrocaPlataforma|x64 = TrocaPlataforma|x64
		TrocaPlataforma|x86 = TrocaPlataforma|x86
	EndGlobalSection
	GlobalSection(ProjectConfigurationPlatforms) = postSolution
		{D529ED3A-3AB6-4DF5-8E1D-96ED9854B56A}.Debug|x64.ActiveCfg = Debug|x64
		{D529ED3A-3AB6-4DF5-8E1D-96ED9854B56A}.Debug|x64.Build.0 = Debug|x64
		{D529ED3A-3AB6-4DF5-8E1D-96ED9854B56A}.Debug|x86.ActiveCfg = Debug|Win32
		{D529ED3A-3AB6-4DF5-8E1D-96ED9854B56A}.Debug|x86.Build.0 = Debug|Win32
		{D529ED3A-3AB6-4DF5-8E1D-96ED9854B56A}.Release|x64.ActiveCfg = Release|x64
		{D529ED3A-3AB6-4DF5-8E1D-96ED9854B56A}.Release|x64.Build.0 = Release|x64
		{D529ED3A-3AB6-4DF5-8E1D-96ED9854B56A}.Release|x86.ActiveCfg = Release|Win32
		{D529ED3A-3AB6-4DF5-8E1D-96ED9854B56A}.Release|x86.Build.0 = Release|Win32
		{D529ED3A-3AB6-4DF5-8E1D-96ED9854B56A}.TrocaPlataforma|x64.ActiveCfg = TrocaPlataforma|x64
		{D529ED3A-3AB6-4DF5-8E1D-96ED9854B56A}.TrocaPlataforma|x64.Build.0 = TrocaPlataforma|x64
		{D529ED3A-3AB6-4DF5-8E1D-96ED9854B56A}.TrocaPlataforma|x86.ActiveCfg = TrocaPlataforma|Win32
		{D529ED3A-3AB6-4DF5-8E1D-96ED9854B56A}.TrocaPlataforma|x86.Build.0 = TrocaPlataforma|Win32
	EndGlobalSection
	GlobalSection(SolutionProperties) = preSolution
		HideSolutionNode = FALSE
	EndGlobalSection
	GlobalSection(ExtensibilityGlobals) = postSolution
		SolutionGuid = {65538758-2B65-4691-A75B-463520D93728}
	EndGlobalSection
EndGlobal
